
Microsoft Visual Studio Solution File, Format Version 12.00
# Visual Studio 15
VisualStudioVersion = 15.0.28307.1300
MinimumVisualStudioVersion = 10.0.40219.1
Project("{FAE04EC0-301F-11D3-BF4B-00C04F79EFBC}") = "StoreFront.UI.MVC", "StoreFront.UI.MVC\StoreFront.UI.MVC.csproj", "{0E369DC0-DADB-4C55-8F5B-B69B4D67B485}"
EndProject
Global
	GlobalSection(SolutionConfigurationPlatforms) = preSolution
		Debug|Any CPU = Debug|Any CPU
		Release|Any CPU = Release|Any CPU
	EndGlobalSection
	GlobalSection(ProjectConfigurationPlatforms) = postSolution
		{0E369DC0-DADB-4C55-8F5B-B69B4D67B485}.Debug|Any CPU.ActiveCfg = Debug|Any CPU
		{0E369DC0-DADB-4C55-8F5B-B69B4D67B485}.Debug|Any CPU.Build.0 = Debug|Any CPU
		{0E369DC0-DADB-4C55-8F5B-B69B4D67B485}.Release|Any CPU.ActiveCfg = Release|Any CPU
		{0E369DC0-DADB-4C55-8F5B-B69B4D67B485}.Release|Any CPU.Build.0 = Release|Any CPU
	EndGlobalSection
	GlobalSection(SolutionProperties) = preSolution
		HideSolutionNode = FALSE
	EndGlobalSection
	GlobalSection(ExtensibilityGlobals) = postSolution
		SolutionGuid = {16967E47-0E6A-4B6D-8190-C49498755F76}
	EndGlobalSection
EndGlobal
